// !$*UTF8*$!
{
	archiveVersion = 1;
	classes = {
	};
	objectVersion = 46;
	objects = {

/* Begin PBXBuildFile section */
		336D7D6A1E9F0D5700E82E43 /* main.m in Sources */ = {isa = PBXBuildFile; fileRef = 336D7D691E9F0D5700E82E43 /* main.m */; };
		336D7D6D1E9F0D5700E82E43 /* AppDelegate.m in Sources */ = {isa = PBXBuildFile; fileRef = 336D7D6C1E9F0D5700E82E43 /* AppDelegate.m */; };
		336D7D731E9F0D5700E82E43 /* Main.storyboard in Resources */ = {isa = PBXBuildFile; fileRef = 336D7D711E9F0D5700E82E43 /* Main.storyboard */; };
		336D7D751E9F0D5700E82E43 /* Assets.xcassets in Resources */ = {isa = PBXBuildFile; fileRef = 336D7D741E9F0D5700E82E43 /* Assets.xcassets */; };
		336D7D781E9F0D5700E82E43 /* LaunchScreen.storyboard in Resources */ = {isa = PBXBuildFile; fileRef = 336D7D761E9F0D5700E82E43 /* LaunchScreen.storyboard */; };
		336D7D831E9F0D5700E82E43 /* AnimationCollectionTests.m in Sources */ = {isa = PBXBuildFile; fileRef = 336D7D821E9F0D5700E82E43 /* AnimationCollectionTests.m */; };
		336D7D8E1E9F0D5700E82E43 /* AnimationCollectionUITests.m in Sources */ = {isa = PBXBuildFile; fileRef = 336D7D8D1E9F0D5700E82E43 /* AnimationCollectionUITests.m */; };
		336D7DA21E9F617F00E82E43 /* ViewController.m in Sources */ = {isa = PBXBuildFile; fileRef = 336D7DA11E9F617F00E82E43 /* ViewController.m */; };
		336D7DA91E9F61E600E82E43 /* PresentingAnimator.m in Sources */ = {isa = PBXBuildFile; fileRef = 336D7DA81E9F61E600E82E43 /* PresentingAnimator.m */; };
		336D7DAC1E9F62C400E82E43 /* DismissingAnimator.m in Sources */ = {isa = PBXBuildFile; fileRef = 336D7DAB1E9F62C400E82E43 /* DismissingAnimator.m */; };
		336D7DAF1E9F63FE00E82E43 /* ModalViewController.m in Sources */ = {isa = PBXBuildFile; fileRef = 336D7DAE1E9F63FE00E82E43 /* ModalViewController.m */; };
		33738EEF20917B9C00AD7C9B /* UIBezierPathAndCAShapeLayerView.m in Sources */ = {isa = PBXBuildFile; fileRef = 33738EEE20917B9C00AD7C9B /* UIBezierPathAndCAShapeLayerView.m */; };
		33738EF220919AE500AD7C9B /* UIBezierWaveView.m in Sources */ = {isa = PBXBuildFile; fileRef = 33738EF120919AE500AD7C9B /* UIBezierWaveView.m */; };
		33A3882D1F0250FA00321D37 /* AnimationViewController.m in Sources */ = {isa = PBXBuildFile; fileRef = 33A3882C1F0250FA00321D37 /* AnimationViewController.m */; };
		33B8C1C81F145D4D00628F21 /* LabelProgress.m in Sources */ = {isa = PBXBuildFile; fileRef = 33B8C1C11F145D4D00628F21 /* LabelProgress.m */; };
		33B8C1C91F145D4D00628F21 /* LineView.m in Sources */ = {isa = PBXBuildFile; fileRef = 33B8C1C31F145D4D00628F21 /* LineView.m */; };
		33B8C1CA1F145D4D00628F21 /* NumberAnimation.m in Sources */ = {isa = PBXBuildFile; fileRef = 33B8C1C51F145D4D00628F21 /* NumberAnimation.m */; };
		33B8C1CB1F145D4D00628F21 /* UIView+Frame.m in Sources */ = {isa = PBXBuildFile; fileRef = 33B8C1C71F145D4D00628F21 /* UIView+Frame.m */; };
		33B8C1CF1F146ECB00628F21 /* BaseView.m in Sources */ = {isa = PBXBuildFile; fileRef = 33B8C1CE1F146ECB00628F21 /* BaseView.m */; };
		33B8C1D21F146FD300628F21 /* CombobaseView.m in Sources */ = {isa = PBXBuildFile; fileRef = 33B8C1D11F146FD300628F21 /* CombobaseView.m */; };
		33C5BD8E1F0DDE5C0085C595 /* NSString+Zirkfied.m in Sources */ = {isa = PBXBuildFile; fileRef = 33C5BD6A1F0DDE5C0085C595 /* NSString+Zirkfied.m */; };
		33C5BD8F1F0DDE5C0085C595 /* UIBezierPath+Zirkfied.m in Sources */ = {isa = PBXBuildFile; fileRef = 33C5BD6C1F0DDE5C0085C595 /* UIBezierPath+Zirkfied.m */; };
		33C5BD901F0DDE5C0085C595 /* UIColor+Zirkfied.m in Sources */ = {isa = PBXBuildFile; fileRef = 33C5BD6E1F0DDE5C0085C595 /* UIColor+Zirkfied.m */; };
		33C5BD911F0DDE5C0085C595 /* UIView+Zirkfied.m in Sources */ = {isa = PBXBuildFile; fileRef = 33C5BD701F0DDE5C0085C595 /* UIView+Zirkfied.m */; };
		33C5BD921F0DDE5C0085C595 /* ZFLabel.m in Sources */ = {isa = PBXBuildFile; fileRef = 33C5BD731F0DDE5C0085C595 /* ZFLabel.m */; };
		33C5BD931F0DDE5C0085C595 /* ZFPopoverLabel.m in Sources */ = {isa = PBXBuildFile; fileRef = 33C5BD751F0DDE5C0085C595 /* ZFPopoverLabel.m */; };
		33C5BD941F0DDE5C0085C595 /* ZFXAxisLine.m in Sources */ = {isa = PBXBuildFile; fileRef = 33C5BD771F0DDE5C0085C595 /* ZFXAxisLine.m */; };
		33C5BD951F0DDE5C0085C595 /* ZFYAxisLine.m in Sources */ = {isa = PBXBuildFile; fileRef = 33C5BD791F0DDE5C0085C595 /* ZFYAxisLine.m */; };
		33C5BD961F0DDE5C0085C595 /* ZFConst.m in Sources */ = {isa = PBXBuildFile; fileRef = 33C5BD7E1F0DDE5C0085C595 /* ZFConst.m */; };
		33C5BD971F0DDE5C0085C595 /* ZFMethod.m in Sources */ = {isa = PBXBuildFile; fileRef = 33C5BD801F0DDE5C0085C595 /* ZFMethod.m */; };
		33C5BD981F0DDE5C0085C595 /* ZFGenericAxis.m in Sources */ = {isa = PBXBuildFile; fileRef = 33C5BD831F0DDE5C0085C595 /* ZFGenericAxis.m */; };
		33C5BD991F0DDE5C0085C595 /* ZFGenericChart.m in Sources */ = {isa = PBXBuildFile; fileRef = 33C5BD861F0DDE5C0085C595 /* ZFGenericChart.m */; };
		33C5BD9A1F0DDE5C0085C595 /* ZFCircle.m in Sources */ = {isa = PBXBuildFile; fileRef = 33C5BD891F0DDE5C0085C595 /* ZFCircle.m */; };
		33C5BD9B1F0DDE5C0085C595 /* ZFLine.m in Sources */ = {isa = PBXBuildFile; fileRef = 33C5BD8B1F0DDE5C0085C595 /* ZFLine.m */; };
		33C5BD9C1F0DDE5C0085C595 /* ZFLineChart.m in Sources */ = {isa = PBXBuildFile; fileRef = 33C5BD8D1F0DDE5C0085C595 /* ZFLineChart.m */; };
		33C5BD9F1F0E402D0085C595 /* IndicatorView.m in Sources */ = {isa = PBXBuildFile; fileRef = 33C5BD9E1F0E402D0085C595 /* IndicatorView.m */; };
		33E5703B1EAA01F900C84C19 /* POPNumberAnimation.m in Sources */ = {isa = PBXBuildFile; fileRef = 33E5703A1EAA01F900C84C19 /* POPNumberAnimation.m */; };
		33EB8CB91EFA68EA0035F12B /* PopViewController.m in Sources */ = {isa = PBXBuildFile; fileRef = 33EB8CB81EFA68EA0035F12B /* PopViewController.m */; };
		71A6B771D66C336006ECA91E /* libPods-AnimationCollection.a in Frameworks */ = {isa = PBXBuildFile; fileRef = 3F03281909722BE9064CE5D6 /* libPods-AnimationCollection.a */; };
/* End PBXBuildFile section */

/* Begin PBXContainerItemProxy section */
		336D7D7F1E9F0D5700E82E43 /* PBXContainerItemProxy */ = {
			isa = PBXContainerItemProxy;
			containerPortal = 336D7D5D1E9F0D5700E82E43 /* Project object */;
			proxyType = 1;
			remoteGlobalIDString = 336D7D641E9F0D5700E82E43;
			remoteInfo = AnimationCollection;
		};
		336D7D8A1E9F0D5700E82E43 /* PBXContainerItemProxy */ = {
			isa = PBXContainerItemProxy;
			containerPortal = 336D7D5D1E9F0D5700E82E43 /* Project object */;
			proxyType = 1;
			remoteGlobalIDString = 336D7D641E9F0D5700E82E43;
			remoteInfo = AnimationCollection;
		};
/* End PBXContainerItemProxy section */

/* Begin PBXFileReference section */
		336D7D651E9F0D5700E82E43 /* AnimationCollection.app */ = {isa = PBXFileReference; explicitFileType = wrapper.application; includeInIndex = 0; path = AnimationCollection.app; sourceTree = BUILT_PRODUCTS_DIR; };
		336D7D691E9F0D5700E82E43 /* main.m */ = {isa = PBXFileReference; lastKnownFileType = sourcecode.c.objc; path = main.m; sourceTree = "<group>"; };
		336D7D6B1E9F0D5700E82E43 /* AppDelegate.h */ = {isa = PBXFileReference; lastKnownFileType = sourcecode.c.h; path = AppDelegate.h; sourceTree = "<group>"; };
		336D7D6C1E9F0D5700E82E43 /* AppDelegate.m */ = {isa = PBXFileReference; lastKnownFileType = sourcecode.c.objc; path = AppDelegate.m; sourceTree = "<group>"; };
		336D7D721E9F0D5700E82E43 /* Base */ = {isa = PBXFileReference; lastKnownFileType = file.storyboard; name = Base; path = Base.lproj/Main.storyboard; sourceTree = "<group>"; };
		336D7D741E9F0D5700E82E43 /* Assets.xcassets */ = {isa = PBXFileReference; lastKnownFileType = folder.assetcatalog; path = Assets.xcassets; sourceTree = "<group>"; };
		336D7D771E9F0D5700E82E43 /* Base */ = {isa = PBXFileReference; lastKnownFileType = file.storyboard; name = Base; path = Base.lproj/LaunchScreen.storyboard; sourceTree = "<group>"; };
		336D7D791E9F0D5700E82E43 /* Info.plist */ = {isa = PBXFileReference; lastKnownFileType = text.plist.xml; path = Info.plist; sourceTree = "<group>"; };
		336D7D7E1E9F0D5700E82E43 /* AnimationCollectionTests.xctest */ = {isa = PBXFileReference; explicitFileType = wrapper.cfbundle; includeInIndex = 0; path = AnimationCollectionTests.xctest; sourceTree = BUILT_PRODUCTS_DIR; };
		336D7D821E9F0D5700E82E43 /* AnimationCollectionTests.m */ = {isa = PBXFileReference; lastKnownFileType = sourcecode.c.objc; path = AnimationCollectionTests.m; sourceTree = "<group>"; };
		336D7D841E9F0D5700E82E43 /* Info.plist */ = {isa = PBXFileReference; lastKnownFileType = text.plist.xml; path = Info.plist; sourceTree = "<group>"; };
		336D7D891E9F0D5700E82E43 /* AnimationCollectionUITests.xctest */ = {isa = PBXFileReference; explicitFileType = wrapper.cfbundle; includeInIndex = 0; path = AnimationCollectionUITests.xctest; sourceTree = BUILT_PRODUCTS_DIR; };
		336D7D8D1E9F0D5700E82E43 /* AnimationCollectionUITests.m */ = {isa = PBXFileReference; lastKnownFileType = sourcecode.c.objc; path = AnimationCollectionUITests.m; sourceTree = "<group>"; };
		336D7D8F1E9F0D5700E82E43 /* Info.plist */ = {isa = PBXFileReference; lastKnownFileType = text.plist.xml; path = Info.plist; sourceTree = "<group>"; };
		336D7DA01E9F617F00E82E43 /* ViewController.h */ = {isa = PBXFileReference; fileEncoding = 4; lastKnownFileType = sourcecode.c.h; path = ViewController.h; sourceTree = "<group>"; };
		336D7DA11E9F617F00E82E43 /* ViewController.m */ = {isa = PBXFileReference; fileEncoding = 4; lastKnownFileType = sourcecode.c.objc; path = ViewController.m; sourceTree = "<group>"; };
		336D7DA71E9F61E600E82E43 /* PresentingAnimator.h */ = {isa = PBXFileReference; fileEncoding = 4; lastKnownFileType = sourcecode.c.h; path = PresentingAnimator.h; sourceTree = "<group>"; };
		336D7DA81E9F61E600E82E43 /* PresentingAnimator.m */ = {isa = PBXFileReference; fileEncoding = 4; lastKnownFileType = sourcecode.c.objc; path = PresentingAnimator.m; sourceTree = "<group>"; };
		336D7DAA1E9F62C400E82E43 /* DismissingAnimator.h */ = {isa = PBXFileReference; fileEncoding = 4; lastKnownFileType = sourcecode.c.h; path = DismissingAnimator.h; sourceTree = "<group>"; };
		336D7DAB1E9F62C400E82E43 /* DismissingAnimator.m */ = {isa = PBXFileReference; fileEncoding = 4; lastKnownFileType = sourcecode.c.objc; path = DismissingAnimator.m; sourceTree = "<group>"; };
		336D7DAD1E9F63FE00E82E43 /* ModalViewController.h */ = {isa = PBXFileReference; fileEncoding = 4; lastKnownFileType = sourcecode.c.h; path = ModalViewController.h; sourceTree = "<group>"; };
		336D7DAE1E9F63FE00E82E43 /* ModalViewController.m */ = {isa = PBXFileReference; fileEncoding = 4; lastKnownFileType = sourcecode.c.objc; path = ModalViewController.m; sourceTree = "<group>"; };
		33738EED20917B9C00AD7C9B /* UIBezierPathAndCAShapeLayerView.h */ = {isa = PBXFileReference; lastKnownFileType = sourcecode.c.h; path = UIBezierPathAndCAShapeLayerView.h; sourceTree = "<group>"; };
		33738EEE20917B9C00AD7C9B /* UIBezierPathAndCAShapeLayerView.m */ = {isa = PBXFileReference; lastKnownFileType = sourcecode.c.objc; path = UIBezierPathAndCAShapeLayerView.m; sourceTree = "<group>"; };
		33738EF020919AE500AD7C9B /* UIBezierWaveView.h */ = {isa = PBXFileReference; lastKnownFileType = sourcecode.c.h; path = UIBezierWaveView.h; sourceTree = "<group>"; };
		33738EF120919AE500AD7C9B /* UIBezierWaveView.m */ = {isa = PBXFileReference; lastKnownFileType = sourcecode.c.objc; path = UIBezierWaveView.m; sourceTree = "<group>"; };
		33A3882B1F0250FA00321D37 /* AnimationViewController.h */ = {isa = PBXFileReference; fileEncoding = 4; lastKnownFileType = sourcecode.c.h; path = AnimationViewController.h; sourceTree = "<group>"; };
		33A3882C1F0250FA00321D37 /* AnimationViewController.m */ = {isa = PBXFileReference; fileEncoding = 4; lastKnownFileType = sourcecode.c.objc; path = AnimationViewController.m; sourceTree = "<group>"; };
		33B8C1C01F145D4D00628F21 /* LabelProgress.h */ = {isa = PBXFileReference; fileEncoding = 4; lastKnownFileType = sourcecode.c.h; path = LabelProgress.h; sourceTree = "<group>"; };
		33B8C1C11F145D4D00628F21 /* LabelProgress.m */ = {isa = PBXFileReference; fileEncoding = 4; lastKnownFileType = sourcecode.c.objc; path = LabelProgress.m; sourceTree = "<group>"; };
		33B8C1C21F145D4D00628F21 /* LineView.h */ = {isa = PBXFileReference; fileEncoding = 4; lastKnownFileType = sourcecode.c.h; path = LineView.h; sourceTree = "<group>"; };
		33B8C1C31F145D4D00628F21 /* LineView.m */ = {isa = PBXFileReference; fileEncoding = 4; lastKnownFileType = sourcecode.c.objc; path = LineView.m; sourceTree = "<group>"; };
		33B8C1C41F145D4D00628F21 /* NumberAnimation.h */ = {isa = PBXFileReference; fileEncoding = 4; lastKnownFileType = sourcecode.c.h; path = NumberAnimation.h; sourceTree = "<group>"; };
		33B8C1C51F145D4D00628F21 /* NumberAnimation.m */ = {isa = PBXFileReference; fileEncoding = 4; lastKnownFileType = sourcecode.c.objc; path = NumberAnimation.m; sourceTree = "<group>"; };
		33B8C1C61F145D4D00628F21 /* UIView+Frame.h */ = {isa = PBXFileReference; fileEncoding = 4; lastKnownFileType = sourcecode.c.h; path = "UIView+Frame.h"; sourceTree = "<group>"; };
		33B8C1C71F145D4D00628F21 /* UIView+Frame.m */ = {isa = PBXFileReference; fileEncoding = 4; lastKnownFileType = sourcecode.c.objc; path = "UIView+Frame.m"; sourceTree = "<group>"; };
		33B8C1CD1F146ECB00628F21 /* BaseView.h */ = {isa = PBXFileReference; fileEncoding = 4; lastKnownFileType = sourcecode.c.h; path = BaseView.h; sourceTree = "<group>"; };
		33B8C1CE1F146ECB00628F21 /* BaseView.m */ = {isa = PBXFileReference; fileEncoding = 4; lastKnownFileType = sourcecode.c.objc; path = BaseView.m; sourceTree = "<group>"; };
		33B8C1D01F146FD300628F21 /* CombobaseView.h */ = {isa = PBXFileReference; fileEncoding = 4; lastKnownFileType = sourcecode.c.h; path = CombobaseView.h; sourceTree = "<group>"; };
		33B8C1D11F146FD300628F21 /* CombobaseView.m */ = {isa = PBXFileReference; fileEncoding = 4; lastKnownFileType = sourcecode.c.objc; path = CombobaseView.m; sourceTree = "<group>"; };
		33C5BD691F0DDE5C0085C595 /* NSString+Zirkfied.h */ = {isa = PBXFileReference; fileEncoding = 4; lastKnownFileType = sourcecode.c.h; path = "NSString+Zirkfied.h"; sourceTree = "<group>"; };
		33C5BD6A1F0DDE5C0085C595 /* NSString+Zirkfied.m */ = {isa = PBXFileReference; fileEncoding = 4; lastKnownFileType = sourcecode.c.objc; path = "NSString+Zirkfied.m"; sourceTree = "<group>"; };
		33C5BD6B1F0DDE5C0085C595 /* UIBezierPath+Zirkfied.h */ = {isa = PBXFileReference; fileEncoding = 4; lastKnownFileType = sourcecode.c.h; path = "UIBezierPath+Zirkfied.h"; sourceTree = "<group>"; };
		33C5BD6C1F0DDE5C0085C595 /* UIBezierPath+Zirkfied.m */ = {isa = PBXFileReference; fileEncoding = 4; lastKnownFileType = sourcecode.c.objc; path = "UIBezierPath+Zirkfied.m"; sourceTree = "<group>"; };
		33C5BD6D1F0DDE5C0085C595 /* UIColor+Zirkfied.h */ = {isa = PBXFileReference; fileEncoding = 4; lastKnownFileType = sourcecode.c.h; path = "UIColor+Zirkfied.h"; sourceTree = "<group>"; };
		33C5BD6E1F0DDE5C0085C595 /* UIColor+Zirkfied.m */ = {isa = PBXFileReference; fileEncoding = 4; lastKnownFileType = sourcecode.c.objc; path = "UIColor+Zirkfied.m"; sourceTree = "<group>"; };
		33C5BD6F1F0DDE5C0085C595 /* UIView+Zirkfied.h */ = {isa = PBXFileReference; fileEncoding = 4; lastKnownFileType = sourcecode.c.h; path = "UIView+Zirkfied.h"; sourceTree = "<group>"; };
		33C5BD701F0DDE5C0085C595 /* UIView+Zirkfied.m */ = {isa = PBXFileReference; fileEncoding = 4; lastKnownFileType = sourcecode.c.objc; path = "UIView+Zirkfied.m"; sourceTree = "<group>"; };
		33C5BD721F0DDE5C0085C595 /* ZFLabel.h */ = {isa = PBXFileReference; fileEncoding = 4; lastKnownFileType = sourcecode.c.h; path = ZFLabel.h; sourceTree = "<group>"; };
		33C5BD731F0DDE5C0085C595 /* ZFLabel.m */ = {isa = PBXFileReference; fileEncoding = 4; lastKnownFileType = sourcecode.c.objc; path = ZFLabel.m; sourceTree = "<group>"; };
		33C5BD741F0DDE5C0085C595 /* ZFPopoverLabel.h */ = {isa = PBXFileReference; fileEncoding = 4; lastKnownFileType = sourcecode.c.h; path = ZFPopoverLabel.h; sourceTree = "<group>"; };
		33C5BD751F0DDE5C0085C595 /* ZFPopoverLabel.m */ = {isa = PBXFileReference; fileEncoding = 4; lastKnownFileType = sourcecode.c.objc; path = ZFPopoverLabel.m; sourceTree = "<group>"; };
		33C5BD761F0DDE5C0085C595 /* ZFXAxisLine.h */ = {isa = PBXFileReference; fileEncoding = 4; lastKnownFileType = sourcecode.c.h; path = ZFXAxisLine.h; sourceTree = "<group>"; };
		33C5BD771F0DDE5C0085C595 /* ZFXAxisLine.m */ = {isa = PBXFileReference; fileEncoding = 4; lastKnownFileType = sourcecode.c.objc; path = ZFXAxisLine.m; sourceTree = "<group>"; };
		33C5BD781F0DDE5C0085C595 /* ZFYAxisLine.h */ = {isa = PBXFileReference; fileEncoding = 4; lastKnownFileType = sourcecode.c.h; path = ZFYAxisLine.h; sourceTree = "<group>"; };
		33C5BD791F0DDE5C0085C595 /* ZFYAxisLine.m */ = {isa = PBXFileReference; fileEncoding = 4; lastKnownFileType = sourcecode.c.objc; path = ZFYAxisLine.m; sourceTree = "<group>"; };
		33C5BD7B1F0DDE5C0085C595 /* ZFChart.h */ = {isa = PBXFileReference; fileEncoding = 4; lastKnownFileType = sourcecode.c.h; path = ZFChart.h; sourceTree = "<group>"; };
		33C5BD7C1F0DDE5C0085C595 /* ZFColor.h */ = {isa = PBXFileReference; fileEncoding = 4; lastKnownFileType = sourcecode.c.h; path = ZFColor.h; sourceTree = "<group>"; };
		33C5BD7D1F0DDE5C0085C595 /* ZFConst.h */ = {isa = PBXFileReference; fileEncoding = 4; lastKnownFileType = sourcecode.c.h; path = ZFConst.h; sourceTree = "<group>"; };
		33C5BD7E1F0DDE5C0085C595 /* ZFConst.m */ = {isa = PBXFileReference; fileEncoding = 4; lastKnownFileType = sourcecode.c.objc; path = ZFConst.m; sourceTree = "<group>"; };
		33C5BD7F1F0DDE5C0085C595 /* ZFMethod.h */ = {isa = PBXFileReference; fileEncoding = 4; lastKnownFileType = sourcecode.c.h; path = ZFMethod.h; sourceTree = "<group>"; };
		33C5BD801F0DDE5C0085C595 /* ZFMethod.m */ = {isa = PBXFileReference; fileEncoding = 4; lastKnownFileType = sourcecode.c.objc; path = ZFMethod.m; sourceTree = "<group>"; };
		33C5BD821F0DDE5C0085C595 /* ZFGenericAxis.h */ = {isa = PBXFileReference; fileEncoding = 4; lastKnownFileType = sourcecode.c.h; path = ZFGenericAxis.h; sourceTree = "<group>"; };
		33C5BD831F0DDE5C0085C595 /* ZFGenericAxis.m */ = {isa = PBXFileReference; fileEncoding = 4; lastKnownFileType = sourcecode.c.objc; path = ZFGenericAxis.m; sourceTree = "<group>"; };
		33C5BD851F0DDE5C0085C595 /* ZFGenericChart.h */ = {isa = PBXFileReference; fileEncoding = 4; lastKnownFileType = sourcecode.c.h; path = ZFGenericChart.h; sourceTree = "<group>"; };
		33C5BD861F0DDE5C0085C595 /* ZFGenericChart.m */ = {isa = PBXFileReference; fileEncoding = 4; lastKnownFileType = sourcecode.c.objc; path = ZFGenericChart.m; sourceTree = "<group>"; };
		33C5BD881F0DDE5C0085C595 /* ZFCircle.h */ = {isa = PBXFileReference; fileEncoding = 4; lastKnownFileType = sourcecode.c.h; path = ZFCircle.h; sourceTree = "<group>"; };
		33C5BD891F0DDE5C0085C595 /* ZFCircle.m */ = {isa = PBXFileReference; fileEncoding = 4; lastKnownFileType = sourcecode.c.objc; path = ZFCircle.m; sourceTree = "<group>"; };
		33C5BD8A1F0DDE5C0085C595 /* ZFLine.h */ = {isa = PBXFileReference; fileEncoding = 4; lastKnownFileType = sourcecode.c.h; path = ZFLine.h; sourceTree = "<group>"; };
		33C5BD8B1F0DDE5C0085C595 /* ZFLine.m */ = {isa = PBXFileReference; fileEncoding = 4; lastKnownFileType = sourcecode.c.objc; path = ZFLine.m; sourceTree = "<group>"; };
		33C5BD8C1F0DDE5C0085C595 /* ZFLineChart.h */ = {isa = PBXFileReference; fileEncoding = 4; lastKnownFileType = sourcecode.c.h; path = ZFLineChart.h; sourceTree = "<group>"; };
		33C5BD8D1F0DDE5C0085C595 /* ZFLineChart.m */ = {isa = PBXFileReference; fileEncoding = 4; lastKnownFileType = sourcecode.c.objc; path = ZFLineChart.m; sourceTree = "<group>"; };
		33C5BD9D1F0E402D0085C595 /* IndicatorView.h */ = {isa = PBXFileReference; fileEncoding = 4; lastKnownFileType = sourcecode.c.h; path = IndicatorView.h; sourceTree = "<group>"; };
		33C5BD9E1F0E402D0085C595 /* IndicatorView.m */ = {isa = PBXFileReference; fileEncoding = 4; lastKnownFileType = sourcecode.c.objc; path = IndicatorView.m; sourceTree = "<group>"; };
		33E570391EAA01F900C84C19 /* POPNumberAnimation.h */ = {isa = PBXFileReference; fileEncoding = 4; lastKnownFileType = sourcecode.c.h; path = POPNumberAnimation.h; sourceTree = "<group>"; };
		33E5703A1EAA01F900C84C19 /* POPNumberAnimation.m */ = {isa = PBXFileReference; fileEncoding = 4; lastKnownFileType = sourcecode.c.objc; path = POPNumberAnimation.m; sourceTree = "<group>"; };
		33EB8CB71EFA68EA0035F12B /* PopViewController.h */ = {isa = PBXFileReference; fileEncoding = 4; lastKnownFileType = sourcecode.c.h; path = PopViewController.h; sourceTree = "<group>"; };
		33EB8CB81EFA68EA0035F12B /* PopViewController.m */ = {isa = PBXFileReference; fileEncoding = 4; lastKnownFileType = sourcecode.c.objc; path = PopViewController.m; sourceTree = "<group>"; };
		3F03281909722BE9064CE5D6 /* libPods-AnimationCollection.a */ = {isa = PBXFileReference; explicitFileType = archive.ar; includeInIndex = 0; path = "libPods-AnimationCollection.a"; sourceTree = BUILT_PRODUCTS_DIR; };
		637A14AB88A4DBA967F6293F /* Pods-AnimationCollection.release.xcconfig */ = {isa = PBXFileReference; includeInIndex = 1; lastKnownFileType = text.xcconfig; name = "Pods-AnimationCollection.release.xcconfig"; path = "Pods/Target Support Files/Pods-AnimationCollection/Pods-AnimationCollection.release.xcconfig"; sourceTree = "<group>"; };
		6E2B5EB1C27D809AD8EDF90A /* Pods-AnimationCollection.debug.xcconfig */ = {isa = PBXFileReference; includeInIndex = 1; lastKnownFileType = text.xcconfig; name = "Pods-AnimationCollection.debug.xcconfig"; path = "Pods/Target Support Files/Pods-AnimationCollection/Pods-AnimationCollection.debug.xcconfig"; sourceTree = "<group>"; };
/* End PBXFileReference section */

/* Begin PBXFrameworksBuildPhase section */
		336D7D621E9F0D5700E82E43 /* Frameworks */ = {
			isa = PBXFrameworksBuildPhase;
			buildActionMask = 2147483647;
			files = (
				71A6B771D66C336006ECA91E /* libPods-AnimationCollection.a in Frameworks */,
			);
			runOnlyForDeploymentPostprocessing = 0;
		};
		336D7D7B1E9F0D5700E82E43 /* Frameworks */ = {
			isa = PBXFrameworksBuildPhase;
			buildActionMask = 2147483647;
			files = (
			);
			runOnlyForDeploymentPostprocessing = 0;
		};
		336D7D861E9F0D5700E82E43 /* Frameworks */ = {
			isa = PBXFrameworksBuildPhase;
			buildActionMask = 2147483647;
			files = (
			);
			runOnlyForDeploymentPostprocessing = 0;
		};
/* End PBXFrameworksBuildPhase section */

/* Begin PBXGroup section */
		336D7D5C1E9F0D5700E82E43 = {
			isa = PBXGroup;
			children = (
				336D7D671E9F0D5700E82E43 /* AnimationCollection */,
				336D7D811E9F0D5700E82E43 /* AnimationCollectionTests */,
				336D7D8C1E9F0D5700E82E43 /* AnimationCollectionUITests */,
				336D7D661E9F0D5700E82E43 /* Products */,
				8EC8449AB037401E400B6AC1 /* Pods */,
				6ABC1151AB10F60BE1A31F8D /* Frameworks */,
			);
			sourceTree = "<group>";
		};
		336D7D661E9F0D5700E82E43 /* Products */ = {
			isa = PBXGroup;
			children = (
				336D7D651E9F0D5700E82E43 /* AnimationCollection.app */,
				336D7D7E1E9F0D5700E82E43 /* AnimationCollectionTests.xctest */,
				336D7D891E9F0D5700E82E43 /* AnimationCollectionUITests.xctest */,
			);
			name = Products;
			sourceTree = "<group>";
		};
		336D7D671E9F0D5700E82E43 /* AnimationCollection */ = {
			isa = PBXGroup;
			children = (
				336D7DA61E9F61CD00E82E43 /* TransitioningAnimastion */,
				336D7D9E1E9F614200E82E43 /* View */,
				336D7D9F1E9F614200E82E43 /* ViewController */,
				336D7D6B1E9F0D5700E82E43 /* AppDelegate.h */,
				336D7D6C1E9F0D5700E82E43 /* AppDelegate.m */,
				336D7D711E9F0D5700E82E43 /* Main.storyboard */,
				336D7D741E9F0D5700E82E43 /* Assets.xcassets */,
				336D7D761E9F0D5700E82E43 /* LaunchScreen.storyboard */,
				336D7D791E9F0D5700E82E43 /* Info.plist */,
				336D7D681E9F0D5700E82E43 /* Supporting Files */,
			);
			path = AnimationCollection;
			sourceTree = "<group>";
		};
		336D7D681E9F0D5700E82E43 /* Supporting Files */ = {
			isa = PBXGroup;
			children = (
				336D7D691E9F0D5700E82E43 /* main.m */,
			);
			name = "Supporting Files";
			sourceTree = "<group>";
		};
		336D7D811E9F0D5700E82E43 /* AnimationCollectionTests */ = {
			isa = PBXGroup;
			children = (
				336D7D821E9F0D5700E82E43 /* AnimationCollectionTests.m */,
				336D7D841E9F0D5700E82E43 /* Info.plist */,
			);
			path = AnimationCollectionTests;
			sourceTree = "<group>";
		};
		336D7D8C1E9F0D5700E82E43 /* AnimationCollectionUITests */ = {
			isa = PBXGroup;
			children = (
				336D7D8D1E9F0D5700E82E43 /* AnimationCollectionUITests.m */,
				336D7D8F1E9F0D5700E82E43 /* Info.plist */,
			);
			path = AnimationCollectionUITests;
			sourceTree = "<group>";
		};
		336D7D9E1E9F614200E82E43 /* View */ = {
			isa = PBXGroup;
			children = (
				33B8C1CC1F145E1700628F21 /* ModuleView */,
				33B8C1BF1F145D4D00628F21 /* DrawLine:NumPOP:Progress */,
				33C5BD661F0DDE5C0085C595 /* Chart */,
			);
			path = View;
			sourceTree = "<group>";
		};
		336D7D9F1E9F614200E82E43 /* ViewController */ = {
			isa = PBXGroup;
			children = (
				336D7DA01E9F617F00E82E43 /* ViewController.h */,
				336D7DA11E9F617F00E82E43 /* ViewController.m */,
				336D7DAD1E9F63FE00E82E43 /* ModalViewController.h */,
				336D7DAE1E9F63FE00E82E43 /* ModalViewController.m */,
				33A3882B1F0250FA00321D37 /* AnimationViewController.h */,
				33A3882C1F0250FA00321D37 /* AnimationViewController.m */,
				33EB8CB71EFA68EA0035F12B /* PopViewController.h */,
				33EB8CB81EFA68EA0035F12B /* PopViewController.m */,
			);
			path = ViewController;
			sourceTree = "<group>";
		};
		336D7DA61E9F61CD00E82E43 /* TransitioningAnimastion */ = {
			isa = PBXGroup;
			children = (
				336D7DA71E9F61E600E82E43 /* PresentingAnimator.h */,
				336D7DA81E9F61E600E82E43 /* PresentingAnimator.m */,
				336D7DAA1E9F62C400E82E43 /* DismissingAnimator.h */,
				336D7DAB1E9F62C400E82E43 /* DismissingAnimator.m */,
				33E570391EAA01F900C84C19 /* POPNumberAnimation.h */,
				33E5703A1EAA01F900C84C19 /* POPNumberAnimation.m */,
			);
			path = TransitioningAnimastion;
			sourceTree = "<group>";
		};
		33B8C1BF1F145D4D00628F21 /* DrawLine:NumPOP:Progress */ = {
			isa = PBXGroup;
			children = (
				33B8C1C01F145D4D00628F21 /* LabelProgress.h */,
				33B8C1C11F145D4D00628F21 /* LabelProgress.m */,
				33B8C1C21F145D4D00628F21 /* LineView.h */,
				33B8C1C31F145D4D00628F21 /* LineView.m */,
				33738EED20917B9C00AD7C9B /* UIBezierPathAndCAShapeLayerView.h */,
				33738EEE20917B9C00AD7C9B /* UIBezierPathAndCAShapeLayerView.m */,
				33738EF020919AE500AD7C9B /* UIBezierWaveView.h */,
				33738EF120919AE500AD7C9B /* UIBezierWaveView.m */,
				33B8C1C41F145D4D00628F21 /* NumberAnimation.h */,
				33B8C1C51F145D4D00628F21 /* NumberAnimation.m */,
				33B8C1C61F145D4D00628F21 /* UIView+Frame.h */,
				33B8C1C71F145D4D00628F21 /* UIView+Frame.m */,
			);
			path = "DrawLine:NumPOP:Progress";
			sourceTree = "<group>";
		};
		33B8C1CC1F145E1700628F21 /* ModuleView */ = {
			isa = PBXGroup;
			children = (
				33B8C1CD1F146ECB00628F21 /* BaseView.h */,
				33B8C1CE1F146ECB00628F21 /* BaseView.m */,
				33B8C1D01F146FD300628F21 /* CombobaseView.h */,
				33B8C1D11F146FD300628F21 /* CombobaseView.m */,
			);
			path = ModuleView;
			sourceTree = "<group>";
		};
		33C5BD661F0DDE5C0085C595 /* Chart */ = {
			isa = PBXGroup;
			children = (
				33C5BD671F0DDE5C0085C595 /* GenericMethod */,
				33C5BD871F0DDE5C0085C595 /* ZFLineChart */,
			);
			path = Chart;
			sourceTree = "<group>";
		};
		33C5BD671F0DDE5C0085C595 /* GenericMethod */ = {
			isa = PBXGroup;
			children = (
				33C5BD681F0DDE5C0085C595 /* Category */,
				33C5BD711F0DDE5C0085C595 /* Component */,
				33C5BD7A1F0DDE5C0085C595 /* Other */,
				33C5BD811F0DDE5C0085C595 /* ZFGenericAxis */,
				33C5BD841F0DDE5C0085C595 /* ZFGenericChart */,
			);
			path = GenericMethod;
			sourceTree = "<group>";
		};
		33C5BD681F0DDE5C0085C595 /* Category */ = {
			isa = PBXGroup;
			children = (
				33C5BD691F0DDE5C0085C595 /* NSString+Zirkfied.h */,
				33C5BD6A1F0DDE5C0085C595 /* NSString+Zirkfied.m */,
				33C5BD6B1F0DDE5C0085C595 /* UIBezierPath+Zirkfied.h */,
				33C5BD6C1F0DDE5C0085C595 /* UIBezierPath+Zirkfied.m */,
				33C5BD6D1F0DDE5C0085C595 /* UIColor+Zirkfied.h */,
				33C5BD6E1F0DDE5C0085C595 /* UIColor+Zirkfied.m */,
				33C5BD6F1F0DDE5C0085C595 /* UIView+Zirkfied.h */,
				33C5BD701F0DDE5C0085C595 /* UIView+Zirkfied.m */,
			);
			path = Category;
			sourceTree = "<group>";
		};
		33C5BD711F0DDE5C0085C595 /* Component */ = {
			isa = PBXGroup;
			children = (
				33C5BD721F0DDE5C0085C595 /* ZFLabel.h */,
				33C5BD731F0DDE5C0085C595 /* ZFLabel.m */,
				33C5BD741F0DDE5C0085C595 /* ZFPopoverLabel.h */,
				33C5BD751F0DDE5C0085C595 /* ZFPopoverLabel.m */,
				33C5BD9D1F0E402D0085C595 /* IndicatorView.h */,
				33C5BD9E1F0E402D0085C595 /* IndicatorView.m */,
				33C5BD761F0DDE5C0085C595 /* ZFXAxisLine.h */,
				33C5BD771F0DDE5C0085C595 /* ZFXAxisLine.m */,
				33C5BD781F0DDE5C0085C595 /* ZFYAxisLine.h */,
				33C5BD791F0DDE5C0085C595 /* ZFYAxisLine.m */,
			);
			path = Component;
			sourceTree = "<group>";
		};
		33C5BD7A1F0DDE5C0085C595 /* Other */ = {
			isa = PBXGroup;
			children = (
				33C5BD7B1F0DDE5C0085C595 /* ZFChart.h */,
				33C5BD7C1F0DDE5C0085C595 /* ZFColor.h */,
				33C5BD7D1F0DDE5C0085C595 /* ZFConst.h */,
				33C5BD7E1F0DDE5C0085C595 /* ZFConst.m */,
				33C5BD7F1F0DDE5C0085C595 /* ZFMethod.h */,
				33C5BD801F0DDE5C0085C595 /* ZFMethod.m */,
			);
			path = Other;
			sourceTree = "<group>";
		};
		33C5BD811F0DDE5C0085C595 /* ZFGenericAxis */ = {
			isa = PBXGroup;
			children = (
				33C5BD821F0DDE5C0085C595 /* ZFGenericAxis.h */,
				33C5BD831F0DDE5C0085C595 /* ZFGenericAxis.m */,
			);
			path = ZFGenericAxis;
			sourceTree = "<group>";
		};
		33C5BD841F0DDE5C0085C595 /* ZFGenericChart */ = {
			isa = PBXGroup;
			children = (
				33C5BD851F0DDE5C0085C595 /* ZFGenericChart.h */,
				33C5BD861F0DDE5C0085C595 /* ZFGenericChart.m */,
			);
			path = ZFGenericChart;
			sourceTree = "<group>";
		};
		33C5BD871F0DDE5C0085C595 /* ZFLineChart */ = {
			isa = PBXGroup;
			children = (
				33C5BD881F0DDE5C0085C595 /* ZFCircle.h */,
				33C5BD891F0DDE5C0085C595 /* ZFCircle.m */,
				33C5BD8A1F0DDE5C0085C595 /* ZFLine.h */,
				33C5BD8B1F0DDE5C0085C595 /* ZFLine.m */,
				33C5BD8C1F0DDE5C0085C595 /* ZFLineChart.h */,
				33C5BD8D1F0DDE5C0085C595 /* ZFLineChart.m */,
			);
			path = ZFLineChart;
			sourceTree = "<group>";
		};
		6ABC1151AB10F60BE1A31F8D /* Frameworks */ = {
			isa = PBXGroup;
			children = (
				3F03281909722BE9064CE5D6 /* libPods-AnimationCollection.a */,
			);
			name = Frameworks;
			sourceTree = "<group>";
		};
		8EC8449AB037401E400B6AC1 /* Pods */ = {
			isa = PBXGroup;
			children = (
				6E2B5EB1C27D809AD8EDF90A /* Pods-AnimationCollection.debug.xcconfig */,
				637A14AB88A4DBA967F6293F /* Pods-AnimationCollection.release.xcconfig */,
			);
			name = Pods;
			sourceTree = "<group>";
		};
/* End PBXGroup section */

/* Begin PBXNativeTarget section */
		336D7D641E9F0D5700E82E43 /* AnimationCollection */ = {
			isa = PBXNativeTarget;
			buildConfigurationList = 336D7D921E9F0D5700E82E43 /* Build configuration list for PBXNativeTarget "AnimationCollection" */;
			buildPhases = (
				78B6DB99C49D7FC0A9C73010 /* [CP] Check Pods Manifest.lock */,
				336D7D611E9F0D5700E82E43 /* Sources */,
				336D7D621E9F0D5700E82E43 /* Frameworks */,
				336D7D631E9F0D5700E82E43 /* Resources */,
				15F0A15BFAE9A5C043533CD3 /* [CP] Embed Pods Frameworks */,
				62A7A9B7764707FB868C20D5 /* [CP] Copy Pods Resources */,
			);
			buildRules = (
			);
			dependencies = (
			);
			name = AnimationCollection;
			productName = AnimationCollection;
			productReference = 336D7D651E9F0D5700E82E43 /* AnimationCollection.app */;
			productType = "com.apple.product-type.application";
		};
		336D7D7D1E9F0D5700E82E43 /* AnimationCollectionTests */ = {
			isa = PBXNativeTarget;
			buildConfigurationList = 336D7D951E9F0D5700E82E43 /* Build configuration list for PBXNativeTarget "AnimationCollectionTests" */;
			buildPhases = (
				336D7D7A1E9F0D5700E82E43 /* Sources */,
				336D7D7B1E9F0D5700E82E43 /* Frameworks */,
				336D7D7C1E9F0D5700E82E43 /* Resources */,
			);
			buildRules = (
			);
			dependencies = (
				336D7D801E9F0D5700E82E43 /* PBXTargetDependency */,
			);
			name = AnimationCollectionTests;
			productName = AnimationCollectionTests;
			productReference = 336D7D7E1E9F0D5700E82E43 /* AnimationCollectionTests.xctest */;
			productType = "com.apple.product-type.bundle.unit-test";
		};
		336D7D881E9F0D5700E82E43 /* AnimationCollectionUITests */ = {
			isa = PBXNativeTarget;
			buildConfigurationList = 336D7D981E9F0D5700E82E43 /* Build configuration list for PBXNativeTarget "AnimationCollectionUITests" */;
			buildPhases = (
				336D7D851E9F0D5700E82E43 /* Sources */,
				336D7D861E9F0D5700E82E43 /* Frameworks */,
				336D7D871E9F0D5700E82E43 /* Resources */,
			);
			buildRules = (
			);
			dependencies = (
				336D7D8B1E9F0D5700E82E43 /* PBXTargetDependency */,
			);
			name = AnimationCollectionUITests;
			productName = AnimationCollectionUITests;
			productReference = 336D7D891E9F0D5700E82E43 /* AnimationCollectionUITests.xctest */;
			productType = "com.apple.product-type.bundle.ui-testing";
		};
/* End PBXNativeTarget section */

/* Begin PBXProject section */
		336D7D5D1E9F0D5700E82E43 /* Project object */ = {
			isa = PBXProject;
			attributes = {
				LastUpgradeCheck = 0830;
				ORGANIZATIONNAME = xinxin;
				TargetAttributes = {
					336D7D641E9F0D5700E82E43 = {
						CreatedOnToolsVersion = 8.3;
						DevelopmentTeam = B4Q6JBQZP4;
						ProvisioningStyle = Automatic;
					};
					336D7D7D1E9F0D5700E82E43 = {
						CreatedOnToolsVersion = 8.3;
						DevelopmentTeam = MR4GTF2765;
						ProvisioningStyle = Automatic;
						TestTargetID = 336D7D641E9F0D5700E82E43;
					};
					336D7D881E9F0D5700E82E43 = {
						CreatedOnToolsVersion = 8.3;
						DevelopmentTeam = MR4GTF2765;
						ProvisioningStyle = Automatic;
						TestTargetID = 336D7D641E9F0D5700E82E43;
					};
				};
			};
			buildConfigurationList = 336D7D601E9F0D5700E82E43 /* Build configuration list for PBXProject "AnimationCollection" */;
			compatibilityVersion = "Xcode 3.2";
			developmentRegion = English;
			hasScannedForEncodings = 0;
			knownRegions = (
				en,
				Base,
			);
			mainGroup = 336D7D5C1E9F0D5700E82E43;
			productRefGroup = 336D7D661E9F0D5700E82E43 /* Products */;
			projectDirPath = "";
			projectRoot = "";
			targets = (
				336D7D641E9F0D5700E82E43 /* AnimationCollection */,
				336D7D7D1E9F0D5700E82E43 /* AnimationCollectionTests */,
				336D7D881E9F0D5700E82E43 /* AnimationCollectionUITests */,
			);
		};
/* End PBXProject section */

/* Begin PBXResourcesBuildPhase section */
		336D7D631E9F0D5700E82E43 /* Resources */ = {
			isa = PBXResourcesBuildPhase;
			buildActionMask = 2147483647;
			files = (
				336D7D781E9F0D5700E82E43 /* LaunchScreen.storyboard in Resources */,
				336D7D751E9F0D5700E82E43 /* Assets.xcassets in Resources */,
				336D7D731E9F0D5700E82E43 /* Main.storyboard in Resources */,
			);
			runOnlyForDeploymentPostprocessing = 0;
		};
		336D7D7C1E9F0D5700E82E43 /* Resources */ = {
			isa = PBXResourcesBuildPhase;
			buildActionMask = 2147483647;
			files = (
			);
			runOnlyForDeploymentPostprocessing = 0;
		};
		336D7D871E9F0D5700E82E43 /* Resources */ = {
			isa = PBXResourcesBuildPhase;
			buildActionMask = 2147483647;
			files = (
			);
			runOnlyForDeploymentPostprocessing = 0;
		};
/* End PBXResourcesBuildPhase section */

/* Begin PBXShellScriptBuildPhase section */
		15F0A15BFAE9A5C043533CD3 /* [CP] Embed Pods Frameworks */ = {
			isa = PBXShellScriptBuildPhase;
			buildActionMask = 2147483647;
			files = (
			);
			inputPaths = (
			);
			name = "[CP] Embed Pods Frameworks";
			outputPaths = (
			);
			runOnlyForDeploymentPostprocessing = 0;
			shellPath = /bin/sh;
			shellScript = "\"${SRCROOT}/Pods/Target Support Files/Pods-AnimationCollection/Pods-AnimationCollection-frameworks.sh\"\n";
			showEnvVarsInLog = 0;
		};
		62A7A9B7764707FB868C20D5 /* [CP] Copy Pods Resources */ = {
			isa = PBXShellScriptBuildPhase;
			buildActionMask = 2147483647;
			files = (
			);
			inputPaths = (
			);
			name = "[CP] Copy Pods Resources";
			outputPaths = (
			);
			runOnlyForDeploymentPostprocessing = 0;
			shellPath = /bin/sh;
			shellScript = "\"${SRCROOT}/Pods/Target Support Files/Pods-AnimationCollection/Pods-AnimationCollection-resources.sh\"\n";
			showEnvVarsInLog = 0;
		};
		78B6DB99C49D7FC0A9C73010 /* [CP] Check Pods Manifest.lock */ = {
			isa = PBXShellScriptBuildPhase;
			buildActionMask = 2147483647;
			files = (
			);
			inputPaths = (
			);
			name = "[CP] Check Pods Manifest.lock";
			outputPaths = (
			);
			runOnlyForDeploymentPostprocessing = 0;
			shellPath = /bin/sh;
			shellScript = "diff \"${PODS_ROOT}/../Podfile.lock\" \"${PODS_ROOT}/Manifest.lock\" > /dev/null\nif [ $? != 0 ] ; then\n    # print error to STDERR\n    echo \"error: The sandbox is not in sync with the Podfile.lock. Run 'pod install' or update your CocoaPods installation.\" >&2\n    exit 1\nfi\n";
			showEnvVarsInLog = 0;
		};
/* End PBXShellScriptBuildPhase section */

/* Begin PBXSourcesBuildPhase section */
		336D7D611E9F0D5700E82E43 /* Sources */ = {
			isa = PBXSourcesBuildPhase;
			buildActionMask = 2147483647;
			files = (
				33C5BD991F0DDE5C0085C595 /* ZFGenericChart.m in Sources */,
				33C5BD8F1F0DDE5C0085C595 /* UIBezierPath+Zirkfied.m in Sources */,
				33EB8CB91EFA68EA0035F12B /* PopViewController.m in Sources */,
				33C5BD9F1F0E402D0085C595 /* IndicatorView.m in Sources */,
				33C5BD9A1F0DDE5C0085C595 /* ZFCircle.m in Sources */,
				336D7DA21E9F617F00E82E43 /* ViewController.m in Sources */,
				33C5BD9C1F0DDE5C0085C595 /* ZFLineChart.m in Sources */,
				33E5703B1EAA01F900C84C19 /* POPNumberAnimation.m in Sources */,
				336D7DAF1E9F63FE00E82E43 /* ModalViewController.m in Sources */,
				336D7DAC1E9F62C400E82E43 /* DismissingAnimator.m in Sources */,
				33A3882D1F0250FA00321D37 /* AnimationViewController.m in Sources */,
				33B8C1C91F145D4D00628F21 /* LineView.m in Sources */,
				33C5BD941F0DDE5C0085C595 /* ZFXAxisLine.m in Sources */,
				33B8C1CF1F146ECB00628F21 /* BaseView.m in Sources */,
				33C5BD931F0DDE5C0085C595 /* ZFPopoverLabel.m in Sources */,
				33C5BD911F0DDE5C0085C595 /* UIView+Zirkfied.m in Sources */,
				33C5BD951F0DDE5C0085C595 /* ZFYAxisLine.m in Sources */,
				33C5BD971F0DDE5C0085C595 /* ZFMethod.m in Sources */,
				336D7DA91E9F61E600E82E43 /* PresentingAnimator.m in Sources */,
				33C5BD921F0DDE5C0085C595 /* ZFLabel.m in Sources */,
				336D7D6D1E9F0D5700E82E43 /* AppDelegate.m in Sources */,
				33C5BD9B1F0DDE5C0085C595 /* ZFLine.m in Sources */,
				33C5BD961F0DDE5C0085C595 /* ZFConst.m in Sources */,
				336D7D6A1E9F0D5700E82E43 /* main.m in Sources */,
				33738EEF20917B9C00AD7C9B /* UIBezierPathAndCAShapeLayerView.m in Sources */,
				33B8C1D21F146FD300628F21 /* CombobaseView.m in Sources */,
				33C5BD981F0DDE5C0085C595 /* ZFGenericAxis.m in Sources */,
				33738EF220919AE500AD7C9B /* UIBezierWaveView.m in Sources */,
				33B8C1CB1F145D4D00628F21 /* UIView+Frame.m in Sources */,
				33B8C1C81F145D4D00628F21 /* LabelProgress.m in Sources */,
				33B8C1CA1F145D4D00628F21 /* NumberAnimation.m in Sources */,
				33C5BD901F0DDE5C0085C595 /* UIColor+Zirkfied.m in Sources */,
				33C5BD8E1F0DDE5C0085C595 /* NSString+Zirkfied.m in Sources */,
			);
			runOnlyForDeploymentPostprocessing = 0;
		};
		336D7D7A1E9F0D5700E82E43 /* Sources */ = {
			isa = PBXSourcesBuildPhase;
			buildActionMask = 2147483647;
			files = (
				336D7D831E9F0D5700E82E43 /* AnimationCollectionTests.m in Sources */,
			);
			runOnlyForDeploymentPostprocessing = 0;
		};
		336D7D851E9F0D5700E82E43 /* Sources */ = {
			isa = PBXSourcesBuildPhase;
			buildActionMask = 2147483647;
			files = (
				336D7D8E1E9F0D5700E82E43 /* AnimationCollectionUITests.m in Sources */,
			);
			runOnlyForDeploymentPostprocessing = 0;
		};
/* End PBXSourcesBuildPhase section */

/* Begin PBXTargetDependency section */
		336D7D801E9F0D5700E82E43 /* PBXTargetDependency */ = {
			isa = PBXTargetDependency;
			target = 336D7D641E9F0D5700E82E43 /* AnimationCollection */;
			targetProxy = 336D7D7F1E9F0D5700E82E43 /* PBXContainerItemProxy */;
		};
		336D7D8B1E9F0D5700E82E43 /* PBXTargetDependency */ = {
			isa = PBXTargetDependency;
			target = 336D7D641E9F0D5700E82E43 /* AnimationCollection */;
			targetProxy = 336D7D8A1E9F0D5700E82E43 /* PBXContainerItemProxy */;
		};
/* End PBXTargetDependency section */

/* Begin PBXVariantGroup section */
		336D7D711E9F0D5700E82E43 /* Main.storyboard */ = {
			isa = PBXVariantGroup;
			children = (
				336D7D721E9F0D5700E82E43 /* Base */,
			);
			name = Main.storyboard;
			sourceTree = "<group>";
		};
		336D7D761E9F0D5700E82E43 /* LaunchScreen.storyboard */ = {
			isa = PBXVariantGroup;
			children = (
				336D7D771E9F0D5700E82E43 /* Base */,
			);
			name = LaunchScreen.storyboard;
			sourceTree = "<group>";
		};
/* End PBXVariantGroup section */

/* Begin XCBuildConfiguration section */
		336D7D901E9F0D5700E82E43 /* Debug */ = {
			isa = XCBuildConfiguration;
			buildSettings = {
				ALWAYS_SEARCH_USER_PATHS = NO;
				CLANG_ANALYZER_NONNULL = YES;
				CLANG_ANALYZER_NUMBER_OBJECT_CONVERSION = YES_AGGRESSIVE;
				CLANG_CXX_LANGUAGE_STANDARD = "gnu++0x";
				CLANG_CXX_LIBRARY = "libc++";
				CLANG_ENABLE_MODULES = YES;
				CLANG_ENABLE_OBJC_ARC = YES;
				CLANG_WARN_BOOL_CONVERSION = YES;
				CLANG_WARN_CONSTANT_CONVERSION = YES;
				CLANG_WARN_DIRECT_OBJC_ISA_USAGE = YES_ERROR;
				CLANG_WARN_DOCUMENTATION_COMMENTS = YES;
				CLANG_WARN_EMPTY_BODY = YES;
				CLANG_WARN_ENUM_CONVERSION = YES;
				CLANG_WARN_INFINITE_RECURSION = YES;
				CLANG_WARN_INT_CONVERSION = YES;
				CLANG_WARN_OBJC_ROOT_CLASS = YES_ERROR;
				CLANG_WARN_SUSPICIOUS_MOVE = YES;
				CLANG_WARN_UNREACHABLE_CODE = YES;
				CLANG_WARN__DUPLICATE_METHOD_MATCH = YES;
				"CODE_SIGN_IDENTITY[sdk=iphoneos*]" = "iPhone Developer";
				COPY_PHASE_STRIP = NO;
				DEBUG_INFORMATION_FORMAT = dwarf;
				ENABLE_STRICT_OBJC_MSGSEND = YES;
				ENABLE_TESTABILITY = YES;
				GCC_C_LANGUAGE_STANDARD = gnu99;
				GCC_DYNAMIC_NO_PIC = NO;
				GCC_NO_COMMON_BLOCKS = YES;
				GCC_OPTIMIZATION_LEVEL = 0;
				GCC_PREPROCESSOR_DEFINITIONS = (
					"DEBUG=1",
					"$(inherited)",
				);
				GCC_WARN_64_TO_32_BIT_CONVERSION = YES;
				GCC_WARN_ABOUT_RETURN_TYPE = YES_ERROR;
				GCC_WARN_UNDECLARED_SELECTOR = YES;
				GCC_WARN_UNINITIALIZED_AUTOS = YES_AGGRESSIVE;
				GCC_WARN_UNUSED_FUNCTION = YES;
				GCC_WARN_UNUSED_VARIABLE = YES;
				IPHONEOS_DEPLOYMENT_TARGET = 10.3;
				MTL_ENABLE_DEBUG_INFO = YES;
				ONLY_ACTIVE_ARCH = YES;
				SDKROOT = iphoneos;
				TARGETED_DEVICE_FAMILY = "1,2";
			};
			name = Debug;
		};
		336D7D911E9F0D5700E82E43 /* Release */ = {
			isa = XCBuildConfiguration;
			buildSettings = {
				ALWAYS_SEARCH_USER_PATHS = NO;
				CLANG_ANALYZER_NONNULL = YES;
				CLANG_ANALYZER_NUMBER_OBJECT_CONVERSION = YES_AGGRESSIVE;
				CLANG_CXX_LANGUAGE_STANDARD = "gnu++0x";
				CLANG_CXX_LIBRARY = "libc++";
				CLANG_ENABLE_MODULES = YES;
				CLANG_ENABLE_OBJC_ARC = YES;
				CLANG_WARN_BOOL_CONVERSION = YES;
				CLANG_WARN_CONSTANT_CONVERSION = YES;
				CLANG_WARN_DIRECT_OBJC_ISA_USAGE = YES_ERROR;
				CLANG_WARN_DOCUMENTATION_COMMENTS = YES;
				CLANG_WARN_EMPTY_BODY = YES;
				CLANG_WARN_ENUM_CONVERSION = YES;
				CLANG_WARN_INFINITE_RECURSION = YES;
				CLANG_WARN_INT_CONVERSION = YES;
				CLANG_WARN_OBJC_ROOT_CLASS = YES_ERROR;
				CLANG_WARN_SUSPICIOUS_MOVE = YES;
				CLANG_WARN_UNREACHABLE_CODE = YES;
				CLANG_WARN__DUPLICATE_METHOD_MATCH = YES;
				"CODE_SIGN_IDENTITY[sdk=iphoneos*]" = "iPhone Developer";
				COPY_PHASE_STRIP = NO;
				DEBUG_INFORMATION_FORMAT = "dwarf-with-dsym";
				ENABLE_NS_ASSERTIONS = NO;
				ENABLE_STRICT_OBJC_MSGSEND = YES;
				GCC_C_LANGUAGE_STANDARD = gnu99;
				GCC_NO_COMMON_BLOCKS = YES;
				GCC_WARN_64_TO_32_BIT_CONVERSION = YES;
				GCC_WARN_ABOUT_RETURN_TYPE = YES_ERROR;
				GCC_WARN_UNDECLARED_SELECTOR = YES;
				GCC_WARN_UNINITIALIZED_AUTOS = YES_AGGRESSIVE;
				GCC_WARN_UNUSED_FUNCTION = YES;
				GCC_WARN_UNUSED_VARIABLE = YES;
				IPHONEOS_DEPLOYMENT_TARGET = 10.3;
				MTL_ENABLE_DEBUG_INFO = NO;
				SDKROOT = iphoneos;
				TARGETED_DEVICE_FAMILY = "1,2";
				VALIDATE_PRODUCT = YES;
			};
			name = Release;
		};
		336D7D931E9F0D5700E82E43 /* Debug */ = {
			isa = XCBuildConfiguration;
			baseConfigurationReference = 6E2B5EB1C27D809AD8EDF90A /* Pods-AnimationCollection.debug.xcconfig */;
			buildSettings = {
				ASSETCATALOG_COMPILER_APPICON_NAME = AppIcon;
				DEVELOPMENT_TEAM = B4Q6JBQZP4;
				INFOPLIST_FILE = AnimationCollection/Info.plist;
				LD_RUNPATH_SEARCH_PATHS = "$(inherited) @executable_path/Frameworks";
				PRODUCT_BUNDLE_IDENTIFIER = xinxin.com.AnimationCollection;
				PRODUCT_NAME = "$(TARGET_NAME)";
			};
			name = Debug;
		};
		336D7D941E9F0D5700E82E43 /* Release */ = {
			isa = XCBuildConfiguration;
			baseConfigurationReference = 637A14AB88A4DBA967F6293F /* Pods-AnimationCollection.release.xcconfig */;
			buildSettings = {
				ASSETCATALOG_COMPILER_APPICON_NAME = AppIcon;
				DEVELOPMENT_TEAM = B4Q6JBQZP4;
				INFOPLIST_FILE = AnimationCollection/Info.plist;
				LD_RUNPATH_SEARCH_PATHS = "$(inherited) @executable_path/Frameworks";
				PRODUCT_BUNDLE_IDENTIFIER = xinxin.com.AnimationCollection;
				PRODUCT_NAME = "$(TARGET_NAME)";
			};
			name = Release;
		};
		336D7D961E9F0D5700E82E43 /* Debug */ = {
			isa = XCBuildConfiguration;
			buildSettings = {
				BUNDLE_LOADER = "$(TEST_HOST)";
				DEVELOPMENT_TEAM = MR4GTF2765;
				INFOPLIST_FILE = AnimationCollectionTests/Info.plist;
				LD_RUNPATH_SEARCH_PATHS = "$(inherited) @executable_path/Frameworks @loader_path/Frameworks";
				PRODUCT_BUNDLE_IDENTIFIER = xinxin.com.AnimationCollectionTests;
				PRODUCT_NAME = "$(TARGET_NAME)";
				TEST_HOST = "$(BUILT_PRODUCTS_DIR)/AnimationCollection.app/AnimationCollection";
			};
			name = Debug;
		};
		336D7D971E9F0D5700E82E43 /* Release */ = {
			isa = XCBuildConfiguration;
			buildSettings = {
				BUNDLE_LOADER = "$(TEST_HOST)";
				DEVELOPMENT_TEAM = MR4GTF2765;
				INFOPLIST_FILE = AnimationCollectionTests/Info.plist;
				LD_RUNPATH_SEARCH_PATHS = "$(inherited) @executable_path/Frameworks @loader_path/Frameworks";
				PRODUCT_BUNDLE_IDENTIFIER = xinxin.com.AnimationCollectionTests;
				PRODUCT_NAME = "$(TARGET_NAME)";
				TEST_HOST = "$(BUILT_PRODUCTS_DIR)/AnimationCollection.app/AnimationCollection";
			};
			name = Release;
		};
		336D7D991E9F0D5700E82E43 /* Debug */ = {
			isa = XCBuildConfiguration;
			buildSettings = {
				DEVELOPMENT_TEAM = MR4GTF2765;
				INFOPLIST_FILE = AnimationCollectionUITests/Info.plist;
				LD_RUNPATH_SEARCH_PATHS = "$(inherited) @executable_path/Frameworks @loader_path/Frameworks";
				PRODUCT_BUNDLE_IDENTIFIER = xinxin.com.AnimationCollectionUITests;
				PRODUCT_NAME = "$(TARGET_NAME)";
				TEST_TARGET_NAME = AnimationCollection;
			};
			name = Debug;
		};
		336D7D9A1E9F0D5700E82E43 /* Release */ = {
			isa = XCBuildConfiguration;
			buildSettings = {
				DEVELOPMENT_TEAM = MR4GTF2765;
				INFOPLIST_FILE = AnimationCollectionUITests/Info.plist;
				LD_RUNPATH_SEARCH_PATHS = "$(inherited) @executable_path/Frameworks @loader_path/Frameworks";
				PRODUCT_BUNDLE_IDENTIFIER = xinxin.com.AnimationCollectionUITests;
				PRODUCT_NAME = "$(TARGET_NAME)";
				TEST_TARGET_NAME = AnimationCollection;
			};
			name = Release;
		};
/* End XCBuildConfiguration section */

/* Begin XCConfigurationList section */
		336D7D601E9F0D5700E82E43 /* Build configuration list for PBXProject "AnimationCollection" */ = {
			isa = XCConfigurationList;
			buildConfigurations = (
				336D7D901E9F0D5700E82E43 /* Debug */,
				336D7D911E9F0D5700E82E43 /* Release */,
			);
			defaultConfigurationIsVisible = 0;
			defaultConfigurationName = Release;
		};
		336D7D921E9F0D5700E82E43 /* Build configuration list for PBXNativeTarget "AnimationCollection" */ = {
			isa = XCConfigurationList;
			buildConfigurations = (
				336D7D931E9F0D5700E82E43 /* Debug */,
				336D7D941E9F0D5700E82E43 /* Release */,
			);
			defaultConfigurationIsVisible = 0;
			defaultConfigurationName = Release;
		};
		336D7D951E9F0D5700E82E43 /* Build configuration list for PBXNativeTarget "AnimationCollectionTests" */ = {
			isa = XCConfigurationList;
			buildConfigurations = (
				336D7D961E9F0D5700E82E43 /* Debug */,
				336D7D971E9F0D5700E82E43 /* Release */,
			);
			defaultConfigurationIsVisible = 0;
			defaultConfigurationName = Release;
		};
		336D7D981E9F0D5700E82E43 /* Build configuration list for PBXNativeTarget "AnimationCollectionUITests" */ = {
			isa = XCConfigurationList;
			buildConfigurations = (
				336D7D991E9F0D5700E82E43 /* Debug */,
				336D7D9A1E9F0D5700E82E43 /* Release */,
			);
			defaultConfigurationIsVisible = 0;
			defaultConfigurationName = Release;
		};
/* End XCConfigurationList section */
	};
	rootObject = 336D7D5D1E9F0D5700E82E43 /* Project object */;
}
